
Microsoft Visual Studio Solution File, Format Version 12.00
# Visual Studio Version 17
VisualStudioVersion = 17.2.32616.157
MinimumVisualStudioVersion = 10.0.40219.1
Project("{FAE04EC0-301F-11D3-BF4B-00C04F79EFBC}") = "movies", "movies\movies.csproj", "{6DC4C6CF-A428-4781-A7BE-F0FD666F090A}"
EndProject
Global
	GlobalSection(SolutionConfigurationPlatforms) = preSolution
		Debug|Any CPU = Debug|Any CPU
		Release|Any CPU = Release|Any CPU
	EndGlobalSection
	GlobalSection(ProjectConfigurationPlatforms) = postSolution
		{6DC4C6CF-A428-4781-A7BE-F0FD666F090A}.Debug|Any CPU.ActiveCfg = Debug|Any CPU
		{6DC4C6CF-A428-4781-A7BE-F0FD666F090A}.Debug|Any CPU.Build.0 = Debug|Any CPU
		{6DC4C6CF-A428-4781-A7BE-F0FD666F090A}.Release|Any CPU.ActiveCfg = Release|Any CPU
		{6DC4C6CF-A428-4781-A7BE-F0FD666F090A}.Release|Any CPU.Build.0 = Release|Any CPU
	EndGlobalSection
	GlobalSection(SolutionProperties) = preSolution
		HideSolutionNode = FALSE
	EndGlobalSection
	GlobalSection(ExtensibilityGlobals) = postSolution
		SolutionGuid = {5773DC56-546F-4F2F-ABD1-B103FBD6F5FD}
	EndGlobalSection
EndGlobal
